
Microsoft Visual Studio Solution File, Format Version 12.00
# Visual Studio 14
VisualStudioVersion = 14.0.25123.0
MinimumVisualStudioVersion = 10.0.40219.1
Project("{FAE04EC0-301F-11D3-BF4B-00C04F79EFBC}") = "BaseLib", "BaseLib\BaseLib.csproj", "{E18D8469-F79D-4E28-A6F7-6DEA53300175}"
EndProject
Project("{FAE04EC0-301F-11D3-BF4B-00C04F79EFBC}") = "NumPluginSvm", "NumPluginSvm\NumPluginSvm.csproj", "{90457924-4447-43F4-A4A6-6B54D8C09F51}"
EndProject
Project("{FAE04EC0-301F-11D3-BF4B-00C04F79EFBC}") = "NumPluginBase", "NumPluginBase\NumPluginBase.csproj", "{352FAF61-6075-49D4-8513-3F333C518861}"
EndProject
Project("{FAE04EC0-301F-11D3-BF4B-00C04F79EFBC}") = "BaseLibS", "BaseLibS\BaseLibS.csproj", "{1744226E-9EEC-4E1C-A231-96743695240F}"
EndProject
Global
	GlobalSection(SolutionConfigurationPlatforms) = preSolution
		Debug|Any CPU = Debug|Any CPU
		Release|Any CPU = Release|Any CPU
	EndGlobalSection
	GlobalSection(ProjectConfigurationPlatforms) = postSolution
		{E18D8469-F79D-4E28-A6F7-6DEA53300175}.Debug|Any CPU.ActiveCfg = Debug|Any CPU
		{E18D8469-F79D-4E28-A6F7-6DEA53300175}.Debug|Any CPU.Build.0 = Debug|Any CPU
		{E18D8469-F79D-4E28-A6F7-6DEA53300175}.Release|Any CPU.ActiveCfg = Release|Any CPU
		{E18D8469-F79D-4E28-A6F7-6DEA53300175}.Release|Any CPU.Build.0 = Release|Any CPU
		{90457924-4447-43F4-A4A6-6B54D8C09F51}.Debug|Any CPU.ActiveCfg = Debug|Any CPU
		{90457924-4447-43F4-A4A6-6B54D8C09F51}.Debug|Any CPU.Build.0 = Debug|Any CPU
		{90457924-4447-43F4-A4A6-6B54D8C09F51}.Release|Any CPU.ActiveCfg = Release|Any CPU
		{90457924-4447-43F4-A4A6-6B54D8C09F51}.Release|Any CPU.Build.0 = Release|Any CPU
		{352FAF61-6075-49D4-8513-3F333C518861}.Debug|Any CPU.ActiveCfg = Debug|Any CPU
		{352FAF61-6075-49D4-8513-3F333C518861}.Debug|Any CPU.Build.0 = Debug|Any CPU
		{352FAF61-6075-49D4-8513-3F333C518861}.Release|Any CPU.ActiveCfg = Release|Any CPU
		{352FAF61-6075-49D4-8513-3F333C518861}.Release|Any CPU.Build.0 = Release|Any CPU
		{1744226E-9EEC-4E1C-A231-96743695240F}.Debug|Any CPU.ActiveCfg = Debug|Any CPU
		{1744226E-9EEC-4E1C-A231-96743695240F}.Debug|Any CPU.Build.0 = Debug|Any CPU
		{1744226E-9EEC-4E1C-A231-96743695240F}.Release|Any CPU.ActiveCfg = Release|Any CPU
		{1744226E-9EEC-4E1C-A231-96743695240F}.Release|Any CPU.Build.0 = Release|Any CPU
	EndGlobalSection
	GlobalSection(SolutionProperties) = preSolution
		HideSolutionNode = FALSE
	EndGlobalSection
EndGlobal
